
Microsoft Visual Studio Solution File, Format Version 12.00
# Visual Studio Version 16
VisualStudioVersion = 16.0.29613.14
MinimumVisualStudioVersion = 10.0.40219.1
Project("{FAE04EC0-301F-11D3-BF4B-00C04F79EFBC}") = "Rehber", "Rehber\Rehber.csproj", "{C6004C31-01D6-4FA0-8CD7-3EC78F1D6B2E}"
EndProject
Global
	GlobalSection(SolutionConfigurationPlatforms) = preSolution
		Debug|Any CPU = Debug|Any CPU
		Release|Any CPU = Release|Any CPU
	EndGlobalSection
	GlobalSection(ProjectConfigurationPlatforms) = postSolution
		{C6004C31-01D6-4FA0-8CD7-3EC78F1D6B2E}.Debug|Any CPU.ActiveCfg = Debug|Any CPU
		{C6004C31-01D6-4FA0-8CD7-3EC78F1D6B2E}.Debug|Any CPU.Build.0 = Debug|Any CPU
		{C6004C31-01D6-4FA0-8CD7-3EC78F1D6B2E}.Release|Any CPU.ActiveCfg = Release|Any CPU
		{C6004C31-01D6-4FA0-8CD7-3EC78F1D6B2E}.Release|Any CPU.Build.0 = Release|Any CPU
	EndGlobalSection
	GlobalSection(SolutionProperties) = preSolution
		HideSolutionNode = FALSE
	EndGlobalSection
	GlobalSection(ExtensibilityGlobals) = postSolution
		SolutionGuid = {52A8296B-FFC5-43C5-AD8C-20D77BFFF113}
	EndGlobalSection
EndGlobal
